
Microsoft Visual Studio Solution File, Format Version 12.00
# Visual Studio 2015
Project("{FAE04EC0-301F-11D3-BF4B-00C04F79EFBC}") = "AI ScratchPad.CSharp", "AI ScratchPad.CSharp.csproj", "{7884AACF-6A3F-B41B-433D-61D8BF20DCC0}"
EndProject
Global
	GlobalSection(SolutionConfigurationPlatforms) = preSolution
		Debug|Any CPU = Debug|Any CPU
		Release|Any CPU = Release|Any CPU
	EndGlobalSection
	GlobalSection(ProjectConfigurationPlatforms) = postSolution
		{7884AACF-6A3F-B41B-433D-61D8BF20DCC0}.Debug|Any CPU.ActiveCfg = Debug|Any CPU
		{7884AACF-6A3F-B41B-433D-61D8BF20DCC0}.Debug|Any CPU.Build.0 = Debug|Any CPU
		{7884AACF-6A3F-B41B-433D-61D8BF20DCC0}.Release|Any CPU.ActiveCfg = Release|Any CPU
		{7884AACF-6A3F-B41B-433D-61D8BF20DCC0}.Release|Any CPU.Build.0 = Release|Any CPU
	EndGlobalSection
	GlobalSection(SolutionProperties) = preSolution
		HideSolutionNode = FALSE
	EndGlobalSection
EndGlobal
